{
  "nodes": {
    "fenix": {
      "inputs": {
        "nixpkgs": [
          "nixpkgs"
        ],
        "rust-analyzer-src": "rust-analyzer-src"
      },
      "locked": {
        "lastModified": 1699251759,
        "narHash": "sha256-OVxxfLmq1HsYF6t2TjHfX5Bfpqh2QgIUHmdUlA9Y4qo=",
        "owner": "nix-community",
        "repo": "fenix",
        "rev": "bfee6157e580504fbe23e97887e68c293565ce7b",
        "type": "github"
      },
      "original": {
        "owner": "nix-community",
        "repo": "fenix",
        "type": "github"
      }
    },
    "nixpkgs": {
      "locked": {
        "lastModified": 1699099776,
        "narHash": "sha256-X09iKJ27mGsGambGfkKzqvw5esP1L/Rf8H3u3fCqIiU=",
        "owner": "nixos",
        "repo": "nixpkgs",
        "rev": "85f1ba3e51676fa8cc604a3d863d729026a6b8eb",
        "type": "github"
      },
      "original": {
        "owner": "nixos",
        "ref": "nixos-unstable",
        "repo": "nixpkgs",
        "type": "github"
      }
    },
    "root": {
      "inputs": {
        "fenix": "fenix",
        "nixpkgs": "nixpkgs",
        "stable": "stable",
        "turbo": "turbo"
      }
    },
    "rust-analyzer-src": {
      "flake": false,
      "locked": {
        "lastModified": 1699192824,
        "narHash": "sha256-/W1PD3IjsnYccL6W72guok3bvdnRPHvVYDfgBTDEtpM=",
        "owner": "rust-lang",
        "repo": "rust-analyzer",
        "rev": "c1c9e10f72ffd2e829d20ff1439ff49c2e121731",
        "type": "github"
      },
      "original": {
        "owner": "rust-lang",
        "ref": "nightly",
        "repo": "rust-analyzer",
        "type": "github"
      }
    },
    "stable": {
      "locked": {
        "lastModified": 1685566663,
        "narHash": "sha256-btHN1czJ6rzteeCuE/PNrdssqYD2nIA4w48miQAFloM=",
        "owner": "nixos",
        "repo": "nixpkgs",
        "rev": "4ecab3273592f27479a583fb6d975d4aba3486fe",
        "type": "github"
      },
      "original": {
        "owner": "nixos",
        "ref": "23.05",
        "repo": "nixpkgs",
        "type": "github"
      }
    },
    "turbo": {
      "inputs": {
        "nixpkgs": [
          "nixpkgs"
        ],
        "utils": "utils"
      },
      "locked": {
        "lastModified": 1696921667,
        "narHash": "sha256-0Ixva7e+WbvmuCGSSgg22k8p7J4W/zOypcCSMO38Vg4=",
        "owner": "alexghr",
        "repo": "turborepo.nix",
        "rev": "90c64fb44ddf86917f1a3d11fbf971d3148a1cbb",
        "type": "github"
      },
      "original": {
        "owner": "alexghr",
        "ref": "v1.10.15",
        "repo": "turborepo.nix",
        "type": "github"
      }
    },
    "utils": {
      "locked": {
        "lastModified": 1676283394,
        "narHash": "sha256-XX2f9c3iySLCw54rJ/CZs+ZK6IQy7GXNY4nSOyu2QG4=",
        "owner": "numtide",
        "repo": "flake-utils",
        "rev": "3db36a8b464d0c4532ba1c7dda728f4576d6d073",
        "type": "github"
      },
      "original": {
        "owner": "numtide",
        "repo": "flake-utils",
        "type": "github"
      }
    }
  },
  "root": "root",
  "version": 7
}
